
Microsoft Visual Studio Solution File, Format Version 12.00
# Visual Studio Version 17
VisualStudioVersion = 17.7.34024.191
MinimumVisualStudioVersion = 10.0.40219.1
Project("{FAE04EC0-301F-11D3-BF4B-00C04F79EFBC}") = "PROG8051_Project_Sec1_Group4_IMS", "PROG8051_Project_Sec1_Group4_IMS\PROG8051_Project_Sec1_Group4_IMS.csproj", "{189D7BBD-3914-44A1-8D48-3C969C1F3BFC}"
EndProject
Global
	GlobalSection(SolutionConfigurationPlatforms) = preSolution
		Debug|Any CPU = Debug|Any CPU
		Release|Any CPU = Release|Any CPU
	EndGlobalSection
	GlobalSection(ProjectConfigurationPlatforms) = postSolution
		{189D7BBD-3914-44A1-8D48-3C969C1F3BFC}.Debug|Any CPU.ActiveCfg = Debug|Any CPU
		{189D7BBD-3914-44A1-8D48-3C969C1F3BFC}.Debug|Any CPU.Build.0 = Debug|Any CPU
		{189D7BBD-3914-44A1-8D48-3C969C1F3BFC}.Release|Any CPU.ActiveCfg = Release|Any CPU
		{189D7BBD-3914-44A1-8D48-3C969C1F3BFC}.Release|Any CPU.Build.0 = Release|Any CPU
	EndGlobalSection
	GlobalSection(SolutionProperties) = preSolution
		HideSolutionNode = FALSE
	EndGlobalSection
	GlobalSection(ExtensibilityGlobals) = postSolution
		SolutionGuid = {0A1FF3BF-4657-4A58-A261-B2D9D13CBE53}
	EndGlobalSection
EndGlobal
